
Microsoft Visual Studio Solution File, Format Version 12.00
# Visual Studio Version 16
VisualStudioVersion = 16.0.33328.57
MinimumVisualStudioVersion = 10.0.40219.1
Project("{FAE04EC0-301F-11D3-BF4B-00C04F79EFBC}") = "MI_MP_2_10_A", "MI_MP_2_10_A\MI_MP_2_10_A.csproj", "{1EEFE7E4-EC10-4E2C-A4F7-858D53957FAE}"
EndProject
Global
	GlobalSection(SolutionConfigurationPlatforms) = preSolution
		Debug|Any CPU = Debug|Any CPU
		Release|Any CPU = Release|Any CPU
	EndGlobalSection
	GlobalSection(ProjectConfigurationPlatforms) = postSolution
		{1EEFE7E4-EC10-4E2C-A4F7-858D53957FAE}.Debug|Any CPU.ActiveCfg = Debug|Any CPU
		{1EEFE7E4-EC10-4E2C-A4F7-858D53957FAE}.Debug|Any CPU.Build.0 = Debug|Any CPU
		{1EEFE7E4-EC10-4E2C-A4F7-858D53957FAE}.Release|Any CPU.ActiveCfg = Release|Any CPU
		{1EEFE7E4-EC10-4E2C-A4F7-858D53957FAE}.Release|Any CPU.Build.0 = Release|Any CPU
	EndGlobalSection
	GlobalSection(SolutionProperties) = preSolution
		HideSolutionNode = FALSE
	EndGlobalSection
	GlobalSection(ExtensibilityGlobals) = postSolution
		SolutionGuid = {7AF8CCB1-A9DF-456E-8395-753B3CE9CF57}
	EndGlobalSection
EndGlobal
