
Microsoft Visual Studio Solution File, Format Version 12.00
# Visual Studio Version 16
VisualStudioVersion = 16.0.33328.57
MinimumVisualStudioVersion = 10.0.40219.1
Project("{FAE04EC0-301F-11D3-BF4B-00C04F79EFBC}") = "TowerOfHanoi", "TowerOfHanoi\TowerOfHanoi.csproj", "{91D317B4-7FEA-4569-9A8A-2A3006420DAE}"
EndProject
Global
	GlobalSection(SolutionConfigurationPlatforms) = preSolution
		Debug|Any CPU = Debug|Any CPU
		Release|Any CPU = Release|Any CPU
	EndGlobalSection
	GlobalSection(ProjectConfigurationPlatforms) = postSolution
		{91D317B4-7FEA-4569-9A8A-2A3006420DAE}.Debug|Any CPU.ActiveCfg = Debug|Any CPU
		{91D317B4-7FEA-4569-9A8A-2A3006420DAE}.Debug|Any CPU.Build.0 = Debug|Any CPU
		{91D317B4-7FEA-4569-9A8A-2A3006420DAE}.Release|Any CPU.ActiveCfg = Release|Any CPU
		{91D317B4-7FEA-4569-9A8A-2A3006420DAE}.Release|Any CPU.Build.0 = Release|Any CPU
	EndGlobalSection
	GlobalSection(SolutionProperties) = preSolution
		HideSolutionNode = FALSE
	EndGlobalSection
	GlobalSection(ExtensibilityGlobals) = postSolution
		SolutionGuid = {F663FE29-3F86-4F79-A7B0-C61678B2EB27}
	EndGlobalSection
EndGlobal
